{
  "requires": true,
  "lockfileVersion": 1,
  "dependencies": {
    "sweetalert2": {
      "version": "11.4.26",
      "resolved": "https://registry.npmjs.org/sweetalert2/-/sweetalert2-11.4.26.tgz",
      "integrity": "sha512-YqH/C6IPudeWVK9R0x3pCOqP7m90Ae50tl98SQBpAwL3+UBl1WYD2+5OaKy0ybiVTKbYe76wwJ3PV+bITLjl+A=="
    },
    "vue-sweetalert2": {
      "version": "5.0.5",
      "resolved": "https://registry.npmjs.org/vue-sweetalert2/-/vue-sweetalert2-5.0.5.tgz",
      "integrity": "sha512-Q7+TjQxNwGruT2jfPaSKMz18HHWs81r4umEwlrrtOf/QL5Iwl1T+tUaNkcvKB7Rf9rYftubt7NnOMjfDMnDH3A==",
      "requires": {
        "sweetalert2": "11.x"
      }
    }
  }
}
